
Microsoft Visual Studio Solution File, Format Version 12.00
# Visual Studio 15
VisualStudioVersion = 15.0.26730.12
MinimumVisualStudioVersion = 10.0.40219.1
Project("{FAE04EC0-301F-11D3-BF4B-00C04F79EFBC}") = "MiniChatServer", "MiniChatServer\MiniChatServer.csproj", "{170679C3-626D-4B4F-9E5A-E31F9CAC8FD8}"
EndProject
Project("{FAE04EC0-301F-11D3-BF4B-00C04F79EFBC}") = "MiniChatClient", "MiniChatClient\MiniChatClient.csproj", "{B7BB172D-9422-4C63-8ACF-310ACBE90CD4}"
EndProject
Global
	GlobalSection(SolutionConfigurationPlatforms) = preSolution
		Debug|Any CPU = Debug|Any CPU
		Release|Any CPU = Release|Any CPU
	EndGlobalSection
	GlobalSection(ProjectConfigurationPlatforms) = postSolution
		{170679C3-626D-4B4F-9E5A-E31F9CAC8FD8}.Debug|Any CPU.ActiveCfg = Debug|Any CPU
		{170679C3-626D-4B4F-9E5A-E31F9CAC8FD8}.Debug|Any CPU.Build.0 = Debug|Any CPU
		{170679C3-626D-4B4F-9E5A-E31F9CAC8FD8}.Release|Any CPU.ActiveCfg = Release|Any CPU
		{170679C3-626D-4B4F-9E5A-E31F9CAC8FD8}.Release|Any CPU.Build.0 = Release|Any CPU
		{B7BB172D-9422-4C63-8ACF-310ACBE90CD4}.Debug|Any CPU.ActiveCfg = Debug|Any CPU
		{B7BB172D-9422-4C63-8ACF-310ACBE90CD4}.Debug|Any CPU.Build.0 = Debug|Any CPU
		{B7BB172D-9422-4C63-8ACF-310ACBE90CD4}.Release|Any CPU.ActiveCfg = Release|Any CPU
		{B7BB172D-9422-4C63-8ACF-310ACBE90CD4}.Release|Any CPU.Build.0 = Release|Any CPU
	EndGlobalSection
	GlobalSection(SolutionProperties) = preSolution
		HideSolutionNode = FALSE
	EndGlobalSection
	GlobalSection(ExtensibilityGlobals) = postSolution
		SolutionGuid = {3BF4EE0D-935F-4C0C-93B0-5EB5AD4E3C14}
	EndGlobalSection
EndGlobal
